
Microsoft Visual Studio Solution File, Format Version 12.00
# Visual Studio Version 17
VisualStudioVersion = 17.8.34322.80
MinimumVisualStudioVersion = 10.0.40219.1
Project("{FAE04EC0-301F-11D3-BF4B-00C04F79EFBC}") = "Arvidsson_Mattias_Laboration3", "Arvidsson_Mattias_Labration3\Arvidsson_Mattias_Laboration3.csproj", "{A429B843-0866-4BAD-939F-69E7B0A5123A}"
EndProject
Global
	GlobalSection(SolutionConfigurationPlatforms) = preSolution
		Debug|Any CPU = Debug|Any CPU
		Release|Any CPU = Release|Any CPU
	EndGlobalSection
	GlobalSection(ProjectConfigurationPlatforms) = postSolution
		{A429B843-0866-4BAD-939F-69E7B0A5123A}.Debug|Any CPU.ActiveCfg = Debug|Any CPU
		{A429B843-0866-4BAD-939F-69E7B0A5123A}.Debug|Any CPU.Build.0 = Debug|Any CPU
		{A429B843-0866-4BAD-939F-69E7B0A5123A}.Release|Any CPU.ActiveCfg = Release|Any CPU
		{A429B843-0866-4BAD-939F-69E7B0A5123A}.Release|Any CPU.Build.0 = Release|Any CPU
	EndGlobalSection
	GlobalSection(SolutionProperties) = preSolution
		HideSolutionNode = FALSE
	EndGlobalSection
	GlobalSection(ExtensibilityGlobals) = postSolution
		SolutionGuid = {9FF2958E-BE31-4571-A7B5-09360A539938}
	EndGlobalSection
EndGlobal
